// !$*UTF8*$!
{
	archiveVersion = 1;
	classes = {
	};
	objectVersion = 77;
	objects = {

/* Begin PBXBuildFile section */
		AA00BB11CC22DD33EE44SP03 /* Sparkle in Frameworks */ = {isa = PBXBuildFile; productRef = AA00BB11CC22DD33EE44SP02 /* Sparkle */; };
/* End PBXBuildFile section */

/* Begin PBXFileReference section */
		0750A568AF81D73916FDA1CD /* Otto.app */ = {isa = PBXFileReference; explicitFileType = wrapper.application; includeInIndex = 0; path = Otto.app; sourceTree = BUILT_PRODUCTS_DIR; };
		AA00BB11CC22DD33EE44FE01 /* Local.xcconfig */ = {isa = PBXFileReference; lastKnownFileType = text.xcconfig; path = Local.xcconfig; sourceTree = "<group>"; };
		AA00BB11CC22DD33EE44FE02 /* Local.xcconfig.example */ = {isa = PBXFileReference; lastKnownFileType = text; path = Local.xcconfig.example; sourceTree = "<group>"; };
		A9AC6B6EB302353AFBED2BB8 /* Info.plist */ = {isa = PBXFileReference; lastKnownFileType = text.plist.xml; path = Info.plist; sourceTree = "<group>"; };
		6979633FE3E63CD36BC9B344 /* Otto.entitlements */ = {isa = PBXFileReference; lastKnownFileType = text.plist.entitlements; path = Otto.entitlements; sourceTree = "<group>"; };
/* End PBXFileReference section */

/* Begin PBXFileSystemSynchronizedRootGroup section */
		2565D81519449185C6BF3EA6 /* Otto */ = {
			isa = PBXFileSystemSynchronizedRootGroup;
			path = Otto;
			sourceTree = "<group>";
		};
/* End PBXFileSystemSynchronizedRootGroup section */

/* Begin PBXFrameworksBuildPhase section */
		40BAAEBA6717C89EE936D34A /* Frameworks */ = {
			isa = PBXFrameworksBuildPhase;
			buildActionMask = 2147483647;
			files = (
				AA00BB11CC22DD33EE44SP03 /* Sparkle in Frameworks */,
			);
			runOnlyForDeploymentPostprocessing = 0;
		};
/* End PBXFrameworksBuildPhase section */

/* Begin PBXGroup section */
		073E163B2D6DB435DF2CC93A = {
			isa = PBXGroup;
			children = (
				2565D81519449185C6BF3EA6 /* Otto */,
				BB9F2408F894990170CEBB5C /* Config */,
				88B0EE38D976F7B30FF3CAE4 /* Products */,
			);
			sourceTree = "<group>";
		};
		88B0EE38D976F7B30FF3CAE4 /* Products */ = {
			isa = PBXGroup;
			children = (
				0750A568AF81D73916FDA1CD /* Otto.app */,
			);
			name = Products;
			sourceTree = "<group>";
		};
		BB9F2408F894990170CEBB5C /* Config */ = {
			isa = PBXGroup;
			children = (
				A9AC6B6EB302353AFBED2BB8 /* Info.plist */,
				6979633FE3E63CD36BC9B344 /* Otto.entitlements */,
				AA00BB11CC22DD33EE44FE01 /* Local.xcconfig */,
				AA00BB11CC22DD33EE44FE02 /* Local.xcconfig.example */,
			);
			path = Config;
			sourceTree = "<group>";
		};
/* End PBXGroup section */

/* Begin PBXNativeTarget section */
		CD7947FA8D6B8EED0C23BBC0 /* Otto */ = {
			isa = PBXNativeTarget;
			buildConfigurationList = 2732E9598580F46920A0F3FF /* Build configuration list for PBXNativeTarget "Otto" */;
			buildPhases = (
				813F661D9F70199CC4CB98CC /* Sources */,
				40BAAEBA6717C89EE936D34A /* Frameworks */,
				53FDA739439AFBC4548338AE /* Resources */,
			);
			buildRules = (
			);
			dependencies = (
			);
			fileSystemSynchronizedGroups = (
				2565D81519449185C6BF3EA6 /* Otto */,
			);
			name = Otto;
			packageProductDependencies = (
				AA00BB11CC22DD33EE44SP02 /* Sparkle */,
			);
			productName = Otto;
			productReference = 0750A568AF81D73916FDA1CD /* Otto.app */;
			productType = "com.apple.product-type.application";
		};
/* End PBXNativeTarget section */

/* Begin PBXProject section */
		FE13AEBD50B0933B335D4428 /* Project object */ = {
			isa = PBXProject;
			attributes = {
				BuildIndependentTargetsInParallel = 1;
				LastSwiftUpdateCheck = 2620;
				LastUpgradeCheck = 2620;
				ORGANIZATIONNAME = Otto;
				TargetAttributes = {
					CD7947FA8D6B8EED0C23BBC0 = {
						CreatedOnToolsVersion = 15.0;
					};
				};
			};
			buildConfigurationList = C192FD2CBF98FB898D54C781 /* Build configuration list for PBXProject "Otto" */;
			developmentRegion = en;
			hasScannedForEncodings = 0;
			knownRegions = (
				en,
				Base,
			);
			mainGroup = 073E163B2D6DB435DF2CC93A;
			minimizedProjectReferenceProxies = 1;
			packageReferences = (
				AA00BB11CC22DD33EE44SP01 /* XCRemoteSwiftPackageReference "Sparkle" */,
			);
			preferredProjectObjectVersion = 77;
			productRefGroup = 88B0EE38D976F7B30FF3CAE4 /* Products */;
			projectDirPath = "";
			projectRoot = "";
			targets = (
				CD7947FA8D6B8EED0C23BBC0 /* Otto */,
			);
		};
/* End PBXProject section */

/* Begin PBXResourcesBuildPhase section */
		53FDA739439AFBC4548338AE /* Resources */ = {
			isa = PBXResourcesBuildPhase;
			buildActionMask = 2147483647;
			files = (
			);
			runOnlyForDeploymentPostprocessing = 0;
		};
/* End PBXResourcesBuildPhase section */

/* Begin PBXSourcesBuildPhase section */
		813F661D9F70199CC4CB98CC /* Sources */ = {
			isa = PBXSourcesBuildPhase;
			buildActionMask = 2147483647;
			files = (
			);
			runOnlyForDeploymentPostprocessing = 0;
		};
/* End PBXSourcesBuildPhase section */

/* Begin XCBuildConfiguration section */
		4017D9F098F506504417B3DB /* Debug */ = {
			isa = XCBuildConfiguration;
			baseConfigurationReference = AA00BB11CC22DD33EE44FE01 /* Local.xcconfig */;
			buildSettings = {
				ASSETCATALOG_COMPILER_APPICON_NAME = AppIcon;
				ASSETCATALOG_COMPILER_GLOBAL_ACCENT_COLOR_NAME = AccentColor;
				CODE_SIGN_ENTITLEMENTS = Config/Otto.entitlements;
				COMBINE_HIDPI_IMAGES = YES;
				CURRENT_PROJECT_VERSION = 1;
				GENERATE_INFOPLIST_FILE = NO;
				INFOPLIST_FILE = Config/Info.plist;
				INFOPLIST_KEY_LSUIElement = YES;
				INFOPLIST_KEY_NSHumanReadableCopyright = "";
				LD_RUNPATH_SEARCH_PATHS = (
					"$(inherited)",
					"@executable_path/../Frameworks",
				);
				MARKETING_VERSION = 1.0;
				PRODUCT_BUNDLE_IDENTIFIER = com.notchsnap.app;
				PRODUCT_NAME = Otto;
				SWIFT_EMIT_LOC_STRINGS = YES;
				SWIFT_VERSION = 6.0;
			};
			name = Debug;
		};
		EF6E0ED8FF8EBBFE14B89A3D /* Release */ = {
			isa = XCBuildConfiguration;
			baseConfigurationReference = AA00BB11CC22DD33EE44FE01 /* Local.xcconfig */;
			buildSettings = {
				ASSETCATALOG_COMPILER_APPICON_NAME = AppIcon;
				ASSETCATALOG_COMPILER_GLOBAL_ACCENT_COLOR_NAME = AccentColor;
				CODE_SIGN_ENTITLEMENTS = Config/Otto.entitlements;
				COMBINE_HIDPI_IMAGES = YES;
				CURRENT_PROJECT_VERSION = 1;
				GENERATE_INFOPLIST_FILE = NO;
				INFOPLIST_FILE = Config/Info.plist;
				INFOPLIST_KEY_LSUIElement = YES;
				INFOPLIST_KEY_NSHumanReadableCopyright = "";
				LD_RUNPATH_SEARCH_PATHS = (
					"$(inherited)",
					"@executable_path/../Frameworks",
				);
				MARKETING_VERSION = 1.0;
				PRODUCT_BUNDLE_IDENTIFIER = com.notchsnap.app;
				PRODUCT_NAME = Otto;
				SWIFT_EMIT_LOC_STRINGS = YES;
				SWIFT_VERSION = 6.0;
			};
			name = Release;
		};
		B928857DE96574CD6B756B9F /* Debug */ = {
			isa = XCBuildConfiguration;
			buildSettings = {
				ALWAYS_SEARCH_USER_PATHS = NO;
				CLANG_ANALYZER_NONNULL = YES;
				CLANG_CXX_LANGUAGE_STANDARD = "gnu++20";
				CLANG_ENABLE_MODULES = YES;
				CLANG_ENABLE_OBJC_ARC = YES;
				COPY_PHASE_STRIP = NO;
				DEBUG_INFORMATION_FORMAT = dwarf;
				ENABLE_STRICT_OBJC_MSGSEND = YES;
				ENABLE_TESTABILITY = YES;
				GCC_DYNAMIC_NO_PIC = NO;
				GCC_OPTIMIZATION_LEVEL = 0;
				GCC_PREPROCESSOR_DEFINITIONS = (
					"DEBUG=1",
					"$(inherited)",
				);
				MACOSX_DEPLOYMENT_TARGET = 13.0;
				MTL_ENABLE_DEBUG_INFO = INCLUDE_SOURCE;
				ONLY_ACTIVE_ARCH = YES;
				SDKROOT = macosx;
				SWIFT_ACTIVE_COMPILATION_CONDITIONS = "$(inherited) DEBUG";
				SWIFT_OPTIMIZATION_LEVEL = "-Onone";
			};
			name = Debug;
		};
		43A45152ADF0CCF466F2A2D6 /* Release */ = {
			isa = XCBuildConfiguration;
			buildSettings = {
				ALWAYS_SEARCH_USER_PATHS = NO;
				CLANG_ANALYZER_NONNULL = YES;
				CLANG_CXX_LANGUAGE_STANDARD = "gnu++20";
				CLANG_ENABLE_MODULES = YES;
				CLANG_ENABLE_OBJC_ARC = YES;
				COPY_PHASE_STRIP = NO;
				DEBUG_INFORMATION_FORMAT = "dwarf-with-dsym";
				ENABLE_NS_ASSERTIONS = NO;
				ENABLE_STRICT_OBJC_MSGSEND = YES;
				MACOSX_DEPLOYMENT_TARGET = 13.0;
				MTL_ENABLE_DEBUG_INFO = NO;
				SDKROOT = macosx;
				SWIFT_COMPILATION_MODE = wholemodule;
			};
			name = Release;
		};
/* End XCBuildConfiguration section */

/* Begin XCConfigurationList section */
		2732E9598580F46920A0F3FF /* Build configuration list for PBXNativeTarget "Otto" */ = {
			isa = XCConfigurationList;
			buildConfigurations = (
				4017D9F098F506504417B3DB /* Debug */,
				EF6E0ED8FF8EBBFE14B89A3D /* Release */,
			);
			defaultConfigurationIsVisible = 0;
			defaultConfigurationName = Release;
		};
		C192FD2CBF98FB898D54C781 /* Build configuration list for PBXProject "Otto" */ = {
			isa = XCConfigurationList;
			buildConfigurations = (
				B928857DE96574CD6B756B9F /* Debug */,
				43A45152ADF0CCF466F2A2D6 /* Release */,
			);
			defaultConfigurationIsVisible = 0;
			defaultConfigurationName = Release;
		};
/* End XCConfigurationList section */

/* Begin XCRemoteSwiftPackageReference section */
		AA00BB11CC22DD33EE44SP01 /* XCRemoteSwiftPackageReference "Sparkle" */ = {
			isa = XCRemoteSwiftPackageReference;
			repositoryURL = "https://github.com/sparkle-project/Sparkle";
			requirement = {
				kind = upToNextMajorVersion;
				minimumVersion = 2.6.0;
			};
		};
/* End XCRemoteSwiftPackageReference section */

/* Begin XCSwiftPackageProductDependency section */
		AA00BB11CC22DD33EE44SP02 /* Sparkle */ = {
			isa = XCSwiftPackageProductDependency;
			package = AA00BB11CC22DD33EE44SP01 /* XCRemoteSwiftPackageReference "Sparkle" */;
			productName = Sparkle;
		};
/* End XCSwiftPackageProductDependency section */
	};
	rootObject = FE13AEBD50B0933B335D4428 /* Project object */;
}
